
Microsoft Visual Studio Solution File, Format Version 12.00
# Visual Studio Version 16
VisualStudioVersion = 16.0.31410.357
MinimumVisualStudioVersion = 10.0.40219.1
Project("{FAE04EC0-301F-11D3-BF4B-00C04F79EFBC}") = "OOP", "OOP\OOP.csproj", "{2FE36734-84D6-48A3-A629-B3E446FFDEDC}"
EndProject
Project("{FAE04EC0-301F-11D3-BF4B-00C04F79EFBC}") = "Oop2", "Oop2\Oop2.csproj", "{3ECDB92E-0FB2-4194-AF46-75333C27E52F}"
EndProject
Project("{FAE04EC0-301F-11D3-BF4B-00C04F79EFBC}") = "Oop3", "Oop3\Oop3.csproj", "{9162DE9F-3350-4958-BE71-AEF6F988111D}"
EndProject
Global
	GlobalSection(SolutionConfigurationPlatforms) = preSolution
		Debug|Any CPU = Debug|Any CPU
		Release|Any CPU = Release|Any CPU
	EndGlobalSection
	GlobalSection(ProjectConfigurationPlatforms) = postSolution
		{2FE36734-84D6-48A3-A629-B3E446FFDEDC}.Debug|Any CPU.ActiveCfg = Debug|Any CPU
		{2FE36734-84D6-48A3-A629-B3E446FFDEDC}.Debug|Any CPU.Build.0 = Debug|Any CPU
		{2FE36734-84D6-48A3-A629-B3E446FFDEDC}.Release|Any CPU.ActiveCfg = Release|Any CPU
		{2FE36734-84D6-48A3-A629-B3E446FFDEDC}.Release|Any CPU.Build.0 = Release|Any CPU
		{3ECDB92E-0FB2-4194-AF46-75333C27E52F}.Debug|Any CPU.ActiveCfg = Debug|Any CPU
		{3ECDB92E-0FB2-4194-AF46-75333C27E52F}.Debug|Any CPU.Build.0 = Debug|Any CPU
		{3ECDB92E-0FB2-4194-AF46-75333C27E52F}.Release|Any CPU.ActiveCfg = Release|Any CPU
		{3ECDB92E-0FB2-4194-AF46-75333C27E52F}.Release|Any CPU.Build.0 = Release|Any CPU
		{9162DE9F-3350-4958-BE71-AEF6F988111D}.Debug|Any CPU.ActiveCfg = Debug|Any CPU
		{9162DE9F-3350-4958-BE71-AEF6F988111D}.Debug|Any CPU.Build.0 = Debug|Any CPU
		{9162DE9F-3350-4958-BE71-AEF6F988111D}.Release|Any CPU.ActiveCfg = Release|Any CPU
		{9162DE9F-3350-4958-BE71-AEF6F988111D}.Release|Any CPU.Build.0 = Release|Any CPU
	EndGlobalSection
	GlobalSection(SolutionProperties) = preSolution
		HideSolutionNode = FALSE
	EndGlobalSection
	GlobalSection(ExtensibilityGlobals) = postSolution
		SolutionGuid = {750D0FE8-682B-4476-8324-44C75C1255EE}
	EndGlobalSection
EndGlobal
